
Microsoft Visual Studio Solution File, Format Version 10.00
# Visual Studio 2008
Project("{FAE04EC0-301F-11D3-BF4B-00C04F79EFBC}") = "Packet", "Packet\Packet.csproj", "{974044AE-1CAA-46B7-ACF4-F8284667D1DB}"
EndProject
Global
	GlobalSection(SolutionConfigurationPlatforms) = preSolution
		Debug|Any CPU = Debug|Any CPU
		Release|Any CPU = Release|Any CPU
	EndGlobalSection
	GlobalSection(ProjectConfigurationPlatforms) = postSolution
		{974044AE-1CAA-46B7-ACF4-F8284667D1DB}.Debug|Any CPU.ActiveCfg = Debug|Any CPU
		{974044AE-1CAA-46B7-ACF4-F8284667D1DB}.Debug|Any CPU.Build.0 = Debug|Any CPU
		{974044AE-1CAA-46B7-ACF4-F8284667D1DB}.Release|Any CPU.ActiveCfg = Release|Any CPU
		{974044AE-1CAA-46B7-ACF4-F8284667D1DB}.Release|Any CPU.Build.0 = Release|Any CPU
	EndGlobalSection
	GlobalSection(SolutionProperties) = preSolution
		HideSolutionNode = FALSE
	EndGlobalSection
EndGlobal
