
Microsoft Visual Studio Solution File, Format Version 10.00
# Visual C# Express 2008
Project("{FAE04EC0-301F-11D3-BF4B-00C04F79EFBC}") = "MapEditor", "WindowsGame4\MapEditor.csproj", "{051A4EAF-A7E1-47B6-9116-6B9093C13A5C}"
EndProject
Global
	GlobalSection(SolutionConfigurationPlatforms) = preSolution
		Debug|x86 = Debug|x86
		Release|x86 = Release|x86
	EndGlobalSection
	GlobalSection(ProjectConfigurationPlatforms) = postSolution
		{051A4EAF-A7E1-47B6-9116-6B9093C13A5C}.Debug|x86.ActiveCfg = Debug|x86
		{051A4EAF-A7E1-47B6-9116-6B9093C13A5C}.Debug|x86.Build.0 = Debug|x86
		{051A4EAF-A7E1-47B6-9116-6B9093C13A5C}.Release|x86.ActiveCfg = Release|x86
		{051A4EAF-A7E1-47B6-9116-6B9093C13A5C}.Release|x86.Build.0 = Release|x86
		{A41E80D5-330B-42C0-B281-EF726CA3846D}.Debug|x86.ActiveCfg = Debug|x86
		{A41E80D5-330B-42C0-B281-EF726CA3846D}.Release|x86.ActiveCfg = Release|x86
	EndGlobalSection
	GlobalSection(SolutionProperties) = preSolution
		HideSolutionNode = FALSE
	EndGlobalSection
EndGlobal
